// !$*UTF8*$!
{
	archiveVersion = 1;
	classes = {
	};
	objectVersion = 50;
	objects = {

/* Begin PBXBuildFile section */
		7C2689382660A1A0000E68CA /* AlertingView.swift in Sources */ = {isa = PBXBuildFile; fileRef = 7C753A27265B929600711DE7 /* AlertingView.swift */; };
		7C2689392660A1A4000E68CA /* LoadingView.swift in Sources */ = {isa = PBXBuildFile; fileRef = 7C753A22265B8C9000711DE7 /* LoadingView.swift */; };
		7C26893B2660A3B5000E68CA /* ActivityIndicator.swift in Sources */ = {isa = PBXBuildFile; fileRef = 7C753A20265B8C6100711DE7 /* ActivityIndicator.swift */; };
		7C26893C2660A3D2000E68CA /* MyAPIService.swift in Sources */ = {isa = PBXBuildFile; fileRef = 7C753A16265B7FD500711DE7 /* MyAPIService.swift */; };
		7C26893D2660A40D000E68CA /* UserResponse.swift in Sources */ = {isa = PBXBuildFile; fileRef = 7C753A18265B809400711DE7 /* UserResponse.swift */; };
		7C26893E2660A410000E68CA /* StatusReponse.swift in Sources */ = {isa = PBXBuildFile; fileRef = 7C753A1B265B81CD00711DE7 /* StatusReponse.swift */; };
		7C26893F2660A412000E68CA /* ErrorResponse.swift in Sources */ = {isa = PBXBuildFile; fileRef = 7C753A1D265B879000711DE7 /* ErrorResponse.swift */; };
		7C2689412660ABE7000E68CA /* AppError.swift in Sources */ = {isa = PBXBuildFile; fileRef = 7C2689402660ABE7000E68CA /* AppError.swift */; };
		7C2689422660ABE8000E68CA /* AppError.swift in Sources */ = {isa = PBXBuildFile; fileRef = 7C2689402660ABE7000E68CA /* AppError.swift */; };
		7C2689442660B2BB000E68CA /* FirstRouter.swift in Sources */ = {isa = PBXBuildFile; fileRef = 7C2689432660B2BB000E68CA /* FirstRouter.swift */; };
		7C2689452660B2BB000E68CA /* FirstRouter.swift in Sources */ = {isa = PBXBuildFile; fileRef = 7C2689432660B2BB000E68CA /* FirstRouter.swift */; };
		7C2689482660BD8D000E68CA /* View+if.swift in Sources */ = {isa = PBXBuildFile; fileRef = 7C2689472660BD8D000E68CA /* View+if.swift */; };
		7C2689492660BD8D000E68CA /* View+if.swift in Sources */ = {isa = PBXBuildFile; fileRef = 7C2689472660BD8D000E68CA /* View+if.swift */; };
		7C26894B2660BDC1000E68CA /* Bool.swift in Sources */ = {isa = PBXBuildFile; fileRef = 7C26894A2660BDC1000E68CA /* Bool.swift */; };
		7C26894C2660BDC1000E68CA /* Bool.swift in Sources */ = {isa = PBXBuildFile; fileRef = 7C26894A2660BDC1000E68CA /* Bool.swift */; };
		7C7539C32658FFB200711DE7 /* shared_diskApp.swift in Sources */ = {isa = PBXBuildFile; fileRef = 7C7539B02658FFB100711DE7 /* shared_diskApp.swift */; };
		7C7539C42658FFB200711DE7 /* shared_diskApp.swift in Sources */ = {isa = PBXBuildFile; fileRef = 7C7539B02658FFB100711DE7 /* shared_diskApp.swift */; };
		7C7539C72658FFB200711DE7 /* Assets.xcassets in Resources */ = {isa = PBXBuildFile; fileRef = 7C7539B22658FFB200711DE7 /* Assets.xcassets */; };
		7C7539C82658FFB200711DE7 /* Assets.xcassets in Resources */ = {isa = PBXBuildFile; fileRef = 7C7539B22658FFB200711DE7 /* Assets.xcassets */; };
		7C7539D42659005500711DE7 /* MimeType.swift in Sources */ = {isa = PBXBuildFile; fileRef = 7C7539D32659005500711DE7 /* MimeType.swift */; };
		7C7539D6265900B100711DE7 /* GoogleDriveService.swift in Sources */ = {isa = PBXBuildFile; fileRef = 7C7539D5265900B100711DE7 /* GoogleDriveService.swift */; };
		7C7539D92659015200711DE7 /* FileItem.swift in Sources */ = {isa = PBXBuildFile; fileRef = 7C7539D82659015200711DE7 /* FileItem.swift */; };
		7C7539DC265907BF00711DE7 /* URL+appendQueryItem.swift in Sources */ = {isa = PBXBuildFile; fileRef = 7C7539DB265907BF00711DE7 /* URL+appendQueryItem.swift */; };
		7C7539DE26590B9A00711DE7 /* BaseAPI.swift in Sources */ = {isa = PBXBuildFile; fileRef = 7C7539DD26590B9A00711DE7 /* BaseAPI.swift */; };
		7C7539E126590C6900711DE7 /* BaseAPIService.swift in Sources */ = {isa = PBXBuildFile; fileRef = 7C7539E026590C6900711DE7 /* BaseAPIService.swift */; };
		7C7539E326591AFA00711DE7 /* FilesResponse.swift in Sources */ = {isa = PBXBuildFile; fileRef = 7C7539E226591AFA00711DE7 /* FilesResponse.swift */; };
		7C7539FA265B5B4000711DE7 /* UserStorage.swift in Sources */ = {isa = PBXBuildFile; fileRef = 7C7539F9265B5B4000711DE7 /* UserStorage.swift */; };
		7C7539FC265B5CA500711DE7 /* AuthView.swift in Sources */ = {isa = PBXBuildFile; fileRef = 7C7539FB265B5CA500711DE7 /* AuthView.swift */; };
		7C7539FF265B622D00711DE7 /* RegistrationView.swift in Sources */ = {isa = PBXBuildFile; fileRef = 7C7539FE265B622D00711DE7 /* RegistrationView.swift */; };
		7C753A00265B63E800711DE7 /* UserStorage.swift in Sources */ = {isa = PBXBuildFile; fileRef = 7C7539F9265B5B4000711DE7 /* UserStorage.swift */; };
		7C753A01265B63EE00711DE7 /* URL+appendQueryItem.swift in Sources */ = {isa = PBXBuildFile; fileRef = 7C7539DB265907BF00711DE7 /* URL+appendQueryItem.swift */; };
		7C753A02265B63F200711DE7 /* BaseAPI.swift in Sources */ = {isa = PBXBuildFile; fileRef = 7C7539DD26590B9A00711DE7 /* BaseAPI.swift */; };
		7C753A03265B63F400711DE7 /* BaseAPIService.swift in Sources */ = {isa = PBXBuildFile; fileRef = 7C7539E026590C6900711DE7 /* BaseAPIService.swift */; };
		7C753A04265B63F700711DE7 /* FileItem.swift in Sources */ = {isa = PBXBuildFile; fileRef = 7C7539D82659015200711DE7 /* FileItem.swift */; };
		7C753A05265B63F900711DE7 /* FilesResponse.swift in Sources */ = {isa = PBXBuildFile; fileRef = 7C7539E226591AFA00711DE7 /* FilesResponse.swift */; };
		7C753A06265B63FC00711DE7 /* MimeType.swift in Sources */ = {isa = PBXBuildFile; fileRef = 7C7539D32659005500711DE7 /* MimeType.swift */; };
		7C753A07265B63FE00711DE7 /* GoogleDriveService.swift in Sources */ = {isa = PBXBuildFile; fileRef = 7C7539D5265900B100711DE7 /* GoogleDriveService.swift */; };
		7C753A08265B640C00711DE7 /* AuthView.swift in Sources */ = {isa = PBXBuildFile; fileRef = 7C7539FB265B5CA500711DE7 /* AuthView.swift */; };
		7C753A09265B640F00711DE7 /* RegistrationView.swift in Sources */ = {isa = PBXBuildFile; fileRef = 7C7539FE265B622D00711DE7 /* RegistrationView.swift */; };
		7C753A0B265B6BE200711DE7 /* AuthRouter.swift in Sources */ = {isa = PBXBuildFile; fileRef = 7C753A0A265B6BE200711DE7 /* AuthRouter.swift */; };
		7C753A0D265B738900711DE7 /* AuthRouter.swift in Sources */ = {isa = PBXBuildFile; fileRef = 7C753A0A265B6BE200711DE7 /* AuthRouter.swift */; };
		7C753A11265B77E400711DE7 /* TextField.swift in Sources */ = {isa = PBXBuildFile; fileRef = 7C753A0F265B77DC00711DE7 /* TextField.swift */; };
		7C753A13265B79A800711DE7 /* AnyTransition+go+back.swift in Sources */ = {isa = PBXBuildFile; fileRef = 7C753A12265B79A800711DE7 /* AnyTransition+go+back.swift */; };
		7C753A14265B79B500711DE7 /* AnyTransition+go+back.swift in Sources */ = {isa = PBXBuildFile; fileRef = 7C753A12265B79A800711DE7 /* AnyTransition+go+back.swift */; };
		7C753A17265B7FD600711DE7 /* MyAPIService.swift in Sources */ = {isa = PBXBuildFile; fileRef = 7C753A16265B7FD500711DE7 /* MyAPIService.swift */; };
		7C753A19265B809400711DE7 /* UserResponse.swift in Sources */ = {isa = PBXBuildFile; fileRef = 7C753A18265B809400711DE7 /* UserResponse.swift */; };
		7C753A1C265B81CD00711DE7 /* StatusReponse.swift in Sources */ = {isa = PBXBuildFile; fileRef = 7C753A1B265B81CD00711DE7 /* StatusReponse.swift */; };
		7C753A1E265B879000711DE7 /* ErrorResponse.swift in Sources */ = {isa = PBXBuildFile; fileRef = 7C753A1D265B879000711DE7 /* ErrorResponse.swift */; };
		7C753A21265B8C6100711DE7 /* ActivityIndicator.swift in Sources */ = {isa = PBXBuildFile; fileRef = 7C753A20265B8C6100711DE7 /* ActivityIndicator.swift */; };
		7C753A23265B8C9000711DE7 /* LoadingView.swift in Sources */ = {isa = PBXBuildFile; fileRef = 7C753A22265B8C9000711DE7 /* LoadingView.swift */; };
		7C753A28265B929600711DE7 /* AlertingView.swift in Sources */ = {isa = PBXBuildFile; fileRef = 7C753A27265B929600711DE7 /* AlertingView.swift */; };
		7C81DE7E2663F8540018F3D6 /* MainNavigatoinView.swift in Sources */ = {isa = PBXBuildFile; fileRef = 7C81DE7D2663F8540018F3D6 /* MainNavigatoinView.swift */; };
		7C81DE7F2663F8540018F3D6 /* MainNavigatoinView.swift in Sources */ = {isa = PBXBuildFile; fileRef = 7C81DE7D2663F8540018F3D6 /* MainNavigatoinView.swift */; };
		7C81DE812663FC160018F3D6 /* FolderView.swift in Sources */ = {isa = PBXBuildFile; fileRef = 7C81DE802663FC160018F3D6 /* FolderView.swift */; };
		7C81DE822663FC160018F3D6 /* FolderView.swift in Sources */ = {isa = PBXBuildFile; fileRef = 7C81DE802663FC160018F3D6 /* FolderView.swift */; };
		7C81DE852664A8120018F3D6 /* ProfileView.swift in Sources */ = {isa = PBXBuildFile; fileRef = 7C81DE842664A8120018F3D6 /* ProfileView.swift */; };
		7C81DE862664A8320018F3D6 /* ProfileView.swift in Sources */ = {isa = PBXBuildFile; fileRef = 7C81DE842664A8120018F3D6 /* ProfileView.swift */; };
		7C81DE882664EE0B0018F3D6 /* AuthUrlResponse.swift in Sources */ = {isa = PBXBuildFile; fileRef = 7C81DE872664EE0B0018F3D6 /* AuthUrlResponse.swift */; };
		7C81DE892664EE640018F3D6 /* AuthUrlResponse.swift in Sources */ = {isa = PBXBuildFile; fileRef = 7C81DE872664EE0B0018F3D6 /* AuthUrlResponse.swift */; };
		7C81DE8E2664F0FA0018F3D6 /* TokenResponse.swift in Sources */ = {isa = PBXBuildFile; fileRef = 7C81DE8D2664F0FA0018F3D6 /* TokenResponse.swift */; };
		7C81DE8F2664F1150018F3D6 /* TokenResponse.swift in Sources */ = {isa = PBXBuildFile; fileRef = 7C81DE8D2664F0FA0018F3D6 /* TokenResponse.swift */; };
		7C81DEBD2666594D0018F3D6 /* FileRevision.swift in Sources */ = {isa = PBXBuildFile; fileRef = 7C81DEBC2666594D0018F3D6 /* FileRevision.swift */; };
		7C81DEBE2666594D0018F3D6 /* FileRevision.swift in Sources */ = {isa = PBXBuildFile; fileRef = 7C81DEBC2666594D0018F3D6 /* FileRevision.swift */; };
		7C81DEC026665B200018F3D6 /* FileRevisionResponse.swift in Sources */ = {isa = PBXBuildFile; fileRef = 7C81DEBF26665B200018F3D6 /* FileRevisionResponse.swift */; };
		7C81DEC126665B200018F3D6 /* FileRevisionResponse.swift in Sources */ = {isa = PBXBuildFile; fileRef = 7C81DEBF26665B200018F3D6 /* FileRevisionResponse.swift */; };
		7C81DEC4266765340018F3D6 /* StartProjectView.swift in Sources */ = {isa = PBXBuildFile; fileRef = 7C81DEC3266765340018F3D6 /* StartProjectView.swift */; };
		7C81DEC5266765340018F3D6 /* StartProjectView.swift in Sources */ = {isa = PBXBuildFile; fileRef = 7C81DEC3266765340018F3D6 /* StartProjectView.swift */; };
		7C81DEC7266766120018F3D6 /* CustomerResponse.swift in Sources */ = {isa = PBXBuildFile; fileRef = 7C81DEC6266766120018F3D6 /* CustomerResponse.swift */; };
		7C81DEC8266766120018F3D6 /* CustomerResponse.swift in Sources */ = {isa = PBXBuildFile; fileRef = 7C81DEC6266766120018F3D6 /* CustomerResponse.swift */; };
		7C81DECA26676B840018F3D6 /* DevelopmentTask.swift in Sources */ = {isa = PBXBuildFile; fileRef = 7C81DEC926676B840018F3D6 /* DevelopmentTask.swift */; };
		7C81DECB26676B840018F3D6 /* DevelopmentTask.swift in Sources */ = {isa = PBXBuildFile; fileRef = 7C81DEC926676B840018F3D6 /* DevelopmentTask.swift */; };
		7C81DECD26676BBE0018F3D6 /* Worker.swift in Sources */ = {isa = PBXBuildFile; fileRef = 7C81DECC26676BBE0018F3D6 /* Worker.swift */; };
		7C81DECE26676BBE0018F3D6 /* Worker.swift in Sources */ = {isa = PBXBuildFile; fileRef = 7C81DECC26676BBE0018F3D6 /* Worker.swift */; };
		7C81DED0266772350018F3D6 /* WorkerResponse.swift in Sources */ = {isa = PBXBuildFile; fileRef = 7C81DECF266772350018F3D6 /* WorkerResponse.swift */; };
		7C81DED1266772350018F3D6 /* WorkerResponse.swift in Sources */ = {isa = PBXBuildFile; fileRef = 7C81DECF266772350018F3D6 /* WorkerResponse.swift */; };
		7C81DED42667A54A0018F3D6 /* Project.swift in Sources */ = {isa = PBXBuildFile; fileRef = 7C81DED32667A54A0018F3D6 /* Project.swift */; };
		7C81DED52667A54A0018F3D6 /* Project.swift in Sources */ = {isa = PBXBuildFile; fileRef = 7C81DED32667A54A0018F3D6 /* Project.swift */; };
		7C81DED72667A5E90018F3D6 /* DevelopmentStage.swift in Sources */ = {isa = PBXBuildFile; fileRef = 7C81DED62667A5E90018F3D6 /* DevelopmentStage.swift */; };
		7C81DED82667A5E90018F3D6 /* DevelopmentStage.swift in Sources */ = {isa = PBXBuildFile; fileRef = 7C81DED62667A5E90018F3D6 /* DevelopmentStage.swift */; };
/* End PBXBuildFile section */

/* Begin PBXFileReference section */
		7C2689402660ABE7000E68CA /* AppError.swift */ = {isa = PBXFileReference; lastKnownFileType = sourcecode.swift; path = AppError.swift; sourceTree = "<group>"; };
		7C2689432660B2BB000E68CA /* FirstRouter.swift */ = {isa = PBXFileReference; lastKnownFileType = sourcecode.swift; path = FirstRouter.swift; sourceTree = "<group>"; };
		7C2689472660BD8D000E68CA /* View+if.swift */ = {isa = PBXFileReference; lastKnownFileType = sourcecode.swift; path = "View+if.swift"; sourceTree = "<group>"; };
		7C26894A2660BDC1000E68CA /* Bool.swift */ = {isa = PBXFileReference; lastKnownFileType = sourcecode.swift; path = Bool.swift; sourceTree = "<group>"; };
		7C7539B02658FFB100711DE7 /* shared_diskApp.swift */ = {isa = PBXFileReference; lastKnownFileType = sourcecode.swift; path = shared_diskApp.swift; sourceTree = "<group>"; };
		7C7539B22658FFB200711DE7 /* Assets.xcassets */ = {isa = PBXFileReference; lastKnownFileType = folder.assetcatalog; path = Assets.xcassets; sourceTree = "<group>"; };
		7C7539B72658FFB200711DE7 /* shared-disk.app */ = {isa = PBXFileReference; explicitFileType = wrapper.application; includeInIndex = 0; path = "shared-disk.app"; sourceTree = BUILT_PRODUCTS_DIR; };
		7C7539BA2658FFB200711DE7 /* Info.plist */ = {isa = PBXFileReference; lastKnownFileType = text.plist.xml; path = Info.plist; sourceTree = "<group>"; };
		7C7539BF2658FFB200711DE7 /* shared-disk.app */ = {isa = PBXFileReference; explicitFileType = wrapper.application; includeInIndex = 0; path = "shared-disk.app"; sourceTree = BUILT_PRODUCTS_DIR; };
		7C7539C12658FFB200711DE7 /* Info.plist */ = {isa = PBXFileReference; lastKnownFileType = text.plist.xml; path = Info.plist; sourceTree = "<group>"; };
		7C7539C22658FFB200711DE7 /* macOS.entitlements */ = {isa = PBXFileReference; lastKnownFileType = text.plist.entitlements; path = macOS.entitlements; sourceTree = "<group>"; };
		7C7539D32659005500711DE7 /* MimeType.swift */ = {isa = PBXFileReference; lastKnownFileType = sourcecode.swift; path = MimeType.swift; sourceTree = "<group>"; };
		7C7539D5265900B100711DE7 /* GoogleDriveService.swift */ = {isa = PBXFileReference; lastKnownFileType = sourcecode.swift; path = GoogleDriveService.swift; sourceTree = "<group>"; };
		7C7539D82659015200711DE7 /* FileItem.swift */ = {isa = PBXFileReference; lastKnownFileType = sourcecode.swift; path = FileItem.swift; sourceTree = "<group>"; };
		7C7539DB265907BF00711DE7 /* URL+appendQueryItem.swift */ = {isa = PBXFileReference; lastKnownFileType = sourcecode.swift; path = "URL+appendQueryItem.swift"; sourceTree = "<group>"; };
		7C7539DD26590B9A00711DE7 /* BaseAPI.swift */ = {isa = PBXFileReference; lastKnownFileType = sourcecode.swift; path = BaseAPI.swift; sourceTree = "<group>"; };
		7C7539E026590C6900711DE7 /* BaseAPIService.swift */ = {isa = PBXFileReference; lastKnownFileType = sourcecode.swift; path = BaseAPIService.swift; sourceTree = "<group>"; };
		7C7539E226591AFA00711DE7 /* FilesResponse.swift */ = {isa = PBXFileReference; lastKnownFileType = sourcecode.swift; path = FilesResponse.swift; sourceTree = "<group>"; };
		7C7539F9265B5B4000711DE7 /* UserStorage.swift */ = {isa = PBXFileReference; lastKnownFileType = sourcecode.swift; path = UserStorage.swift; sourceTree = "<group>"; };
		7C7539FB265B5CA500711DE7 /* AuthView.swift */ = {isa = PBXFileReference; lastKnownFileType = sourcecode.swift; path = AuthView.swift; sourceTree = "<group>"; };
		7C7539FE265B622D00711DE7 /* RegistrationView.swift */ = {isa = PBXFileReference; lastKnownFileType = sourcecode.swift; path = RegistrationView.swift; sourceTree = "<group>"; };
		7C753A0A265B6BE200711DE7 /* AuthRouter.swift */ = {isa = PBXFileReference; lastKnownFileType = sourcecode.swift; path = AuthRouter.swift; sourceTree = "<group>"; };
		7C753A0F265B77DC00711DE7 /* TextField.swift */ = {isa = PBXFileReference; lastKnownFileType = sourcecode.swift; path = TextField.swift; sourceTree = "<group>"; };
		7C753A12265B79A800711DE7 /* AnyTransition+go+back.swift */ = {isa = PBXFileReference; lastKnownFileType = sourcecode.swift; path = "AnyTransition+go+back.swift"; sourceTree = "<group>"; };
		7C753A16265B7FD500711DE7 /* MyAPIService.swift */ = {isa = PBXFileReference; lastKnownFileType = sourcecode.swift; path = MyAPIService.swift; sourceTree = "<group>"; };
		7C753A18265B809400711DE7 /* UserResponse.swift */ = {isa = PBXFileReference; lastKnownFileType = sourcecode.swift; path = UserResponse.swift; sourceTree = "<group>"; };
		7C753A1B265B81CD00711DE7 /* StatusReponse.swift */ = {isa = PBXFileReference; lastKnownFileType = sourcecode.swift; path = StatusReponse.swift; sourceTree = "<group>"; };
		7C753A1D265B879000711DE7 /* ErrorResponse.swift */ = {isa = PBXFileReference; lastKnownFileType = sourcecode.swift; path = ErrorResponse.swift; sourceTree = "<group>"; };
		7C753A20265B8C6100711DE7 /* ActivityIndicator.swift */ = {isa = PBXFileReference; lastKnownFileType = sourcecode.swift; path = ActivityIndicator.swift; sourceTree = "<group>"; };
		7C753A22265B8C9000711DE7 /* LoadingView.swift */ = {isa = PBXFileReference; lastKnownFileType = sourcecode.swift; path = LoadingView.swift; sourceTree = "<group>"; };
		7C753A27265B929600711DE7 /* AlertingView.swift */ = {isa = PBXFileReference; lastKnownFileType = sourcecode.swift; path = AlertingView.swift; sourceTree = "<group>"; };
		7C81DE7D2663F8540018F3D6 /* MainNavigatoinView.swift */ = {isa = PBXFileReference; lastKnownFileType = sourcecode.swift; path = MainNavigatoinView.swift; sourceTree = "<group>"; };
		7C81DE802663FC160018F3D6 /* FolderView.swift */ = {isa = PBXFileReference; lastKnownFileType = sourcecode.swift; path = FolderView.swift; sourceTree = "<group>"; };
		7C81DE842664A8120018F3D6 /* ProfileView.swift */ = {isa = PBXFileReference; lastKnownFileType = sourcecode.swift; path = ProfileView.swift; sourceTree = "<group>"; };
		7C81DE872664EE0B0018F3D6 /* AuthUrlResponse.swift */ = {isa = PBXFileReference; lastKnownFileType = sourcecode.swift; path = AuthUrlResponse.swift; sourceTree = "<group>"; };
		7C81DE8D2664F0FA0018F3D6 /* TokenResponse.swift */ = {isa = PBXFileReference; lastKnownFileType = sourcecode.swift; path = TokenResponse.swift; sourceTree = "<group>"; };
		7C81DEBC2666594D0018F3D6 /* FileRevision.swift */ = {isa = PBXFileReference; lastKnownFileType = sourcecode.swift; path = FileRevision.swift; sourceTree = "<group>"; };
		7C81DEBF26665B200018F3D6 /* FileRevisionResponse.swift */ = {isa = PBXFileReference; lastKnownFileType = sourcecode.swift; path = FileRevisionResponse.swift; sourceTree = "<group>"; };
		7C81DEC3266765340018F3D6 /* StartProjectView.swift */ = {isa = PBXFileReference; lastKnownFileType = sourcecode.swift; path = StartProjectView.swift; sourceTree = "<group>"; };
		7C81DEC6266766120018F3D6 /* CustomerResponse.swift */ = {isa = PBXFileReference; lastKnownFileType = sourcecode.swift; path = CustomerResponse.swift; sourceTree = "<group>"; };
		7C81DEC926676B840018F3D6 /* DevelopmentTask.swift */ = {isa = PBXFileReference; lastKnownFileType = sourcecode.swift; path = DevelopmentTask.swift; sourceTree = "<group>"; };
		7C81DECC26676BBE0018F3D6 /* Worker.swift */ = {isa = PBXFileReference; lastKnownFileType = sourcecode.swift; path = Worker.swift; sourceTree = "<group>"; };
		7C81DECF266772350018F3D6 /* WorkerResponse.swift */ = {isa = PBXFileReference; lastKnownFileType = sourcecode.swift; path = WorkerResponse.swift; sourceTree = "<group>"; };
		7C81DED32667A54A0018F3D6 /* Project.swift */ = {isa = PBXFileReference; lastKnownFileType = sourcecode.swift; path = Project.swift; sourceTree = "<group>"; };
		7C81DED62667A5E90018F3D6 /* DevelopmentStage.swift */ = {isa = PBXFileReference; lastKnownFileType = sourcecode.swift; path = DevelopmentStage.swift; sourceTree = "<group>"; };
/* End PBXFileReference section */

/* Begin PBXFrameworksBuildPhase section */
		7C7539B42658FFB200711DE7 /* Frameworks */ = {
			isa = PBXFrameworksBuildPhase;
			buildActionMask = 2147483647;
			files = (
			);
			runOnlyForDeploymentPostprocessing = 0;
		};
		7C7539BC2658FFB200711DE7 /* Frameworks */ = {
			isa = PBXFrameworksBuildPhase;
			buildActionMask = 2147483647;
			files = (
			);
			runOnlyForDeploymentPostprocessing = 0;
		};
/* End PBXFrameworksBuildPhase section */

/* Begin PBXGroup section */
		7C2689462660BD7A000E68CA /* Extensions */ = {
			isa = PBXGroup;
			children = (
				7C2689472660BD8D000E68CA /* View+if.swift */,
				7C26894A2660BDC1000E68CA /* Bool.swift */,
			);
			path = Extensions;
			sourceTree = "<group>";
		};
		7C7539AA2658FFB100711DE7 = {
			isa = PBXGroup;
			children = (
				7C7539AF2658FFB100711DE7 /* Shared */,
				7C7539B92658FFB200711DE7 /* iOS */,
				7C7539C02658FFB200711DE7 /* macOS */,
				7C7539B82658FFB200711DE7 /* Products */,
			);
			sourceTree = "<group>";
		};
		7C7539AF2658FFB100711DE7 /* Shared */ = {
			isa = PBXGroup;
			children = (
				7C81DED22667A52F0018F3D6 /* Models */,
				7C2689462660BD7A000E68CA /* Extensions */,
				7C753A0C265B728300711DE7 /* Transition */,
				7C7539F8265B5B3100711DE7 /* Storage */,
				7C7539D12659001300711DE7 /* Services */,
				7C7539B02658FFB100711DE7 /* shared_diskApp.swift */,
				7C753A24265B921D00711DE7 /* Views */,
				7C7539B22658FFB200711DE7 /* Assets.xcassets */,
			);
			path = Shared;
			sourceTree = "<group>";
		};
		7C7539B82658FFB200711DE7 /* Products */ = {
			isa = PBXGroup;
			children = (
				7C7539B72658FFB200711DE7 /* shared-disk.app */,
				7C7539BF2658FFB200711DE7 /* shared-disk.app */,
			);
			name = Products;
			sourceTree = "<group>";
		};
		7C7539B92658FFB200711DE7 /* iOS */ = {
			isa = PBXGroup;
			children = (
				7C7539BA2658FFB200711DE7 /* Info.plist */,
			);
			path = iOS;
			sourceTree = "<group>";
		};
		7C7539C02658FFB200711DE7 /* macOS */ = {
			isa = PBXGroup;
			children = (
				7C753A0E265B77CF00711DE7 /* Extensions */,
				7C7539C12658FFB200711DE7 /* Info.plist */,
				7C7539C22658FFB200711DE7 /* macOS.entitlements */,
			);
			path = macOS;
			sourceTree = "<group>";
		};
		7C7539D12659001300711DE7 /* Services */ = {
			isa = PBXGroup;
			children = (
				7C7539DA265907AD00711DE7 /* Extensions */,
				7C7539D72659013000711DE7 /* Shared */,
				7C753A15265B7FBD00711DE7 /* MyApi */,
				7C7539D22659002300711DE7 /* GoogleDrive */,
			);
			path = Services;
			sourceTree = "<group>";
		};
		7C7539D22659002300711DE7 /* GoogleDrive */ = {
			isa = PBXGroup;
			children = (
				7C7539D32659005500711DE7 /* MimeType.swift */,
				7C7539D5265900B100711DE7 /* GoogleDriveService.swift */,
			);
			path = GoogleDrive;
			sourceTree = "<group>";
		};
		7C7539D72659013000711DE7 /* Shared */ = {
			isa = PBXGroup;
			children = (
				7C753A1A265B81BF00711DE7 /* Responses */,
				7C7539DF26590C0500711DE7 /* API */,
				7C7539D82659015200711DE7 /* FileItem.swift */,
				7C81DEBC2666594D0018F3D6 /* FileRevision.swift */,
				7C2689402660ABE7000E68CA /* AppError.swift */,
			);
			path = Shared;
			sourceTree = "<group>";
		};
		7C7539DA265907AD00711DE7 /* Extensions */ = {
			isa = PBXGroup;
			children = (
				7C7539DB265907BF00711DE7 /* URL+appendQueryItem.swift */,
			);
			path = Extensions;
			sourceTree = "<group>";
		};
		7C7539DF26590C0500711DE7 /* API */ = {
			isa = PBXGroup;
			children = (
				7C7539DD26590B9A00711DE7 /* BaseAPI.swift */,
				7C7539E026590C6900711DE7 /* BaseAPIService.swift */,
			);
			path = API;
			sourceTree = "<group>";
		};
		7C7539F8265B5B3100711DE7 /* Storage */ = {
			isa = PBXGroup;
			children = (
				7C7539F9265B5B4000711DE7 /* UserStorage.swift */,
			);
			path = Storage;
			sourceTree = "<group>";
		};
		7C7539FD265B621800711DE7 /* AuthScreens */ = {
			isa = PBXGroup;
			children = (
				7C753A0A265B6BE200711DE7 /* AuthRouter.swift */,
				7C7539FB265B5CA500711DE7 /* AuthView.swift */,
				7C7539FE265B622D00711DE7 /* RegistrationView.swift */,
			);
			path = AuthScreens;
			sourceTree = "<group>";
		};
		7C753A0C265B728300711DE7 /* Transition */ = {
			isa = PBXGroup;
			children = (
				7C753A12265B79A800711DE7 /* AnyTransition+go+back.swift */,
			);
			path = Transition;
			sourceTree = "<group>";
		};
		7C753A0E265B77CF00711DE7 /* Extensions */ = {
			isa = PBXGroup;
			children = (
				7C753A0F265B77DC00711DE7 /* TextField.swift */,
			);
			path = Extensions;
			sourceTree = "<group>";
		};
		7C753A15265B7FBD00711DE7 /* MyApi */ = {
			isa = PBXGroup;
			children = (
				7C753A16265B7FD500711DE7 /* MyAPIService.swift */,
			);
			path = MyApi;
			sourceTree = "<group>";
		};
		7C753A1A265B81BF00711DE7 /* Responses */ = {
			isa = PBXGroup;
			children = (
				7C7539E226591AFA00711DE7 /* FilesResponse.swift */,
				7C753A18265B809400711DE7 /* UserResponse.swift */,
				7C753A1B265B81CD00711DE7 /* StatusReponse.swift */,
				7C753A1D265B879000711DE7 /* ErrorResponse.swift */,
				7C81DE872664EE0B0018F3D6 /* AuthUrlResponse.swift */,
				7C81DE8D2664F0FA0018F3D6 /* TokenResponse.swift */,
				7C81DEBF26665B200018F3D6 /* FileRevisionResponse.swift */,
				7C81DEC6266766120018F3D6 /* CustomerResponse.swift */,
				7C81DECF266772350018F3D6 /* WorkerResponse.swift */,
			);
			path = Responses;
			sourceTree = "<group>";
		};
		7C753A1F265B8C4900711DE7 /* ActivityIndicator */ = {
			isa = PBXGroup;
			children = (
				7C753A20265B8C6100711DE7 /* ActivityIndicator.swift */,
				7C753A22265B8C9000711DE7 /* LoadingView.swift */,
			);
			path = ActivityIndicator;
			sourceTree = "<group>";
		};
		7C753A24265B921D00711DE7 /* Views */ = {
			isa = PBXGroup;
			children = (
				7C753A25265B923800711DE7 /* Helper */,
				7C81DE7C2663F7500018F3D6 /* MainScreen */,
				7C7539FD265B621800711DE7 /* AuthScreens */,
				7C2689432660B2BB000E68CA /* FirstRouter.swift */,
			);
			path = Views;
			sourceTree = "<group>";
		};
		7C753A25265B923800711DE7 /* Helper */ = {
			isa = PBXGroup;
			children = (
				7C753A27265B929600711DE7 /* AlertingView.swift */,
				7C753A1F265B8C4900711DE7 /* ActivityIndicator */,
			);
			path = Helper;
			sourceTree = "<group>";
		};
		7C81DE7C2663F7500018F3D6 /* MainScreen */ = {
			isa = PBXGroup;
			children = (
				7C81DE832664A8030018F3D6 /* ProfileScreen */,
				7C81DE7D2663F8540018F3D6 /* MainNavigatoinView.swift */,
				7C81DE802663FC160018F3D6 /* FolderView.swift */,
				7C81DEC3266765340018F3D6 /* StartProjectView.swift */,
			);
			path = MainScreen;
			sourceTree = "<group>";
		};
		7C81DE832664A8030018F3D6 /* ProfileScreen */ = {
			isa = PBXGroup;
			children = (
				7C81DE842664A8120018F3D6 /* ProfileView.swift */,
			);
			path = ProfileScreen;
			sourceTree = "<group>";
		};
		7C81DED22667A52F0018F3D6 /* Models */ = {
			isa = PBXGroup;
			children = (
				7C81DEC926676B840018F3D6 /* DevelopmentTask.swift */,
				7C81DECC26676BBE0018F3D6 /* Worker.swift */,
				7C81DED32667A54A0018F3D6 /* Project.swift */,
				7C81DED62667A5E90018F3D6 /* DevelopmentStage.swift */,
			);
			path = Models;
			sourceTree = "<group>";
		};
/* End PBXGroup section */

/* Begin PBXNativeTarget section */
		7C7539B62658FFB200711DE7 /* shared-disk (iOS) */ = {
			isa = PBXNativeTarget;
			buildConfigurationList = 7C7539CB2658FFB200711DE7 /* Build configuration list for PBXNativeTarget "shared-disk (iOS)" */;
			buildPhases = (
				7C7539B32658FFB200711DE7 /* Sources */,
				7C7539B42658FFB200711DE7 /* Frameworks */,
				7C7539B52658FFB200711DE7 /* Resources */,
			);
			buildRules = (
			);
			dependencies = (
			);
			name = "shared-disk (iOS)";
			productName = "shared-disk (iOS)";
			productReference = 7C7539B72658FFB200711DE7 /* shared-disk.app */;
			productType = "com.apple.product-type.application";
		};
		7C7539BE2658FFB200711DE7 /* shared-disk (macOS) */ = {
			isa = PBXNativeTarget;
			buildConfigurationList = 7C7539CE2658FFB200711DE7 /* Build configuration list for PBXNativeTarget "shared-disk (macOS)" */;
			buildPhases = (
				7C7539BB2658FFB200711DE7 /* Sources */,
				7C7539BC2658FFB200711DE7 /* Frameworks */,
				7C7539BD2658FFB200711DE7 /* Resources */,
			);
			buildRules = (
			);
			dependencies = (
			);
			name = "shared-disk (macOS)";
			productName = "shared-disk (macOS)";
			productReference = 7C7539BF2658FFB200711DE7 /* shared-disk.app */;
			productType = "com.apple.product-type.application";
		};
/* End PBXNativeTarget section */

/* Begin PBXProject section */
		7C7539AB2658FFB100711DE7 /* Project object */ = {
			isa = PBXProject;
			attributes = {
				LastSwiftUpdateCheck = 1250;
				LastUpgradeCheck = 1250;
				TargetAttributes = {
					7C7539B62658FFB200711DE7 = {
						CreatedOnToolsVersion = 12.5;
					};
					7C7539BE2658FFB200711DE7 = {
						CreatedOnToolsVersion = 12.5;
					};
				};
			};
			buildConfigurationList = 7C7539AE2658FFB100711DE7 /* Build configuration list for PBXProject "shared-disk" */;
			compatibilityVersion = "Xcode 9.3";
			developmentRegion = en;
			hasScannedForEncodings = 0;
			knownRegions = (
				en,
				Base,
			);
			mainGroup = 7C7539AA2658FFB100711DE7;
			productRefGroup = 7C7539B82658FFB200711DE7 /* Products */;
			projectDirPath = "";
			projectRoot = "";
			targets = (
				7C7539B62658FFB200711DE7 /* shared-disk (iOS) */,
				7C7539BE2658FFB200711DE7 /* shared-disk (macOS) */,
			);
		};
/* End PBXProject section */

/* Begin PBXResourcesBuildPhase section */
		7C7539B52658FFB200711DE7 /* Resources */ = {
			isa = PBXResourcesBuildPhase;
			buildActionMask = 2147483647;
			files = (
				7C7539C72658FFB200711DE7 /* Assets.xcassets in Resources */,
			);
			runOnlyForDeploymentPostprocessing = 0;
		};
		7C7539BD2658FFB200711DE7 /* Resources */ = {
			isa = PBXResourcesBuildPhase;
			buildActionMask = 2147483647;
			files = (
				7C7539C82658FFB200711DE7 /* Assets.xcassets in Resources */,
			);
			runOnlyForDeploymentPostprocessing = 0;
		};
/* End PBXResourcesBuildPhase section */

/* Begin PBXSourcesBuildPhase section */
		7C7539B32658FFB200711DE7 /* Sources */ = {
			isa = PBXSourcesBuildPhase;
			buildActionMask = 2147483647;
			files = (
				7C753A17265B7FD600711DE7 /* MyAPIService.swift in Sources */,
				7C81DE852664A8120018F3D6 /* ProfileView.swift in Sources */,
				7C753A13265B79A800711DE7 /* AnyTransition+go+back.swift in Sources */,
				7C753A21265B8C6100711DE7 /* ActivityIndicator.swift in Sources */,
				7C7539D92659015200711DE7 /* FileItem.swift in Sources */,
				7C2689482660BD8D000E68CA /* View+if.swift in Sources */,
				7C81DECA26676B840018F3D6 /* DevelopmentTask.swift in Sources */,
				7C7539E326591AFA00711DE7 /* FilesResponse.swift in Sources */,
				7C81DE7E2663F8540018F3D6 /* MainNavigatoinView.swift in Sources */,
				7C81DE882664EE0B0018F3D6 /* AuthUrlResponse.swift in Sources */,
				7C7539FF265B622D00711DE7 /* RegistrationView.swift in Sources */,
				7C81DEC026665B200018F3D6 /* FileRevisionResponse.swift in Sources */,
				7C81DEBD2666594D0018F3D6 /* FileRevision.swift in Sources */,
				7C81DED42667A54A0018F3D6 /* Project.swift in Sources */,
				7C7539C32658FFB200711DE7 /* shared_diskApp.swift in Sources */,
				7C2689412660ABE7000E68CA /* AppError.swift in Sources */,
				7C81DED72667A5E90018F3D6 /* DevelopmentStage.swift in Sources */,
				7C7539FA265B5B4000711DE7 /* UserStorage.swift in Sources */,
				7C81DED0266772350018F3D6 /* WorkerResponse.swift in Sources */,
				7C81DE8E2664F0FA0018F3D6 /* TokenResponse.swift in Sources */,
				7C2689442660B2BB000E68CA /* FirstRouter.swift in Sources */,
				7C81DEC4266765340018F3D6 /* StartProjectView.swift in Sources */,
				7C7539DC265907BF00711DE7 /* URL+appendQueryItem.swift in Sources */,
				7C81DECD26676BBE0018F3D6 /* Worker.swift in Sources */,
				7C7539D42659005500711DE7 /* MimeType.swift in Sources */,
				7C81DEC7266766120018F3D6 /* CustomerResponse.swift in Sources */,
				7C753A0B265B6BE200711DE7 /* AuthRouter.swift in Sources */,
				7C7539E126590C6900711DE7 /* BaseAPIService.swift in Sources */,
				7C81DE812663FC160018F3D6 /* FolderView.swift in Sources */,
				7C753A23265B8C9000711DE7 /* LoadingView.swift in Sources */,
				7C7539D6265900B100711DE7 /* GoogleDriveService.swift in Sources */,
				7C26894B2660BDC1000E68CA /* Bool.swift in Sources */,
				7C7539FC265B5CA500711DE7 /* AuthView.swift in Sources */,
				7C753A19265B809400711DE7 /* UserResponse.swift in Sources */,
				7C753A28265B929600711DE7 /* AlertingView.swift in Sources */,
				7C753A1E265B879000711DE7 /* ErrorResponse.swift in Sources */,
				7C753A1C265B81CD00711DE7 /* StatusReponse.swift in Sources */,
				7C7539DE26590B9A00711DE7 /* BaseAPI.swift in Sources */,
			);
			runOnlyForDeploymentPostprocessing = 0;
		};
		7C7539BB2658FFB200711DE7 /* Sources */ = {
			isa = PBXSourcesBuildPhase;
			buildActionMask = 2147483647;
			files = (
				7C753A05265B63F900711DE7 /* FilesResponse.swift in Sources */,
				7C81DECE26676BBE0018F3D6 /* Worker.swift in Sources */,
				7C7539C42658FFB200711DE7 /* shared_diskApp.swift in Sources */,
				7C26893C2660A3D2000E68CA /* MyAPIService.swift in Sources */,
				7C753A11265B77E400711DE7 /* TextField.swift in Sources */,
				7C81DECB26676B840018F3D6 /* DevelopmentTask.swift in Sources */,
				7C81DE8F2664F1150018F3D6 /* TokenResponse.swift in Sources */,
				7C2689452660B2BB000E68CA /* FirstRouter.swift in Sources */,
				7C81DE7F2663F8540018F3D6 /* MainNavigatoinView.swift in Sources */,
				7C2689392660A1A4000E68CA /* LoadingView.swift in Sources */,
				7C81DEC5266765340018F3D6 /* StartProjectView.swift in Sources */,
				7C81DED1266772350018F3D6 /* WorkerResponse.swift in Sources */,
				7C81DED82667A5E90018F3D6 /* DevelopmentStage.swift in Sources */,
				7C753A09265B640F00711DE7 /* RegistrationView.swift in Sources */,
				7C753A04265B63F700711DE7 /* FileItem.swift in Sources */,
				7C753A00265B63E800711DE7 /* UserStorage.swift in Sources */,
				7C753A06265B63FC00711DE7 /* MimeType.swift in Sources */,
				7C81DEBE2666594D0018F3D6 /* FileRevision.swift in Sources */,
				7C81DE892664EE640018F3D6 /* AuthUrlResponse.swift in Sources */,
				7C753A01265B63EE00711DE7 /* URL+appendQueryItem.swift in Sources */,
				7C81DE862664A8320018F3D6 /* ProfileView.swift in Sources */,
				7C753A0D265B738900711DE7 /* AuthRouter.swift in Sources */,
				7C753A02265B63F200711DE7 /* BaseAPI.swift in Sources */,
				7C2689422660ABE8000E68CA /* AppError.swift in Sources */,
				7C81DEC126665B200018F3D6 /* FileRevisionResponse.swift in Sources */,
				7C26894C2660BDC1000E68CA /* Bool.swift in Sources */,
				7C81DED52667A54A0018F3D6 /* Project.swift in Sources */,
				7C753A03265B63F400711DE7 /* BaseAPIService.swift in Sources */,
				7C26893D2660A40D000E68CA /* UserResponse.swift in Sources */,
				7C26893E2660A410000E68CA /* StatusReponse.swift in Sources */,
				7C753A14265B79B500711DE7 /* AnyTransition+go+back.swift in Sources */,
				7C753A08265B640C00711DE7 /* AuthView.swift in Sources */,
				7C81DE822663FC160018F3D6 /* FolderView.swift in Sources */,
				7C2689382660A1A0000E68CA /* AlertingView.swift in Sources */,
				7C2689492660BD8D000E68CA /* View+if.swift in Sources */,
				7C81DEC8266766120018F3D6 /* CustomerResponse.swift in Sources */,
				7C26893F2660A412000E68CA /* ErrorResponse.swift in Sources */,
				7C26893B2660A3B5000E68CA /* ActivityIndicator.swift in Sources */,
				7C753A07265B63FE00711DE7 /* GoogleDriveService.swift in Sources */,
			);
			runOnlyForDeploymentPostprocessing = 0;
		};
/* End PBXSourcesBuildPhase section */

/* Begin XCBuildConfiguration section */
		7C7539C92658FFB200711DE7 /* Debug */ = {
			isa = XCBuildConfiguration;
			buildSettings = {
				ALWAYS_SEARCH_USER_PATHS = NO;
				CLANG_ANALYZER_NONNULL = YES;
				CLANG_ANALYZER_NUMBER_OBJECT_CONVERSION = YES_AGGRESSIVE;
				CLANG_CXX_LANGUAGE_STANDARD = "gnu++14";
				CLANG_CXX_LIBRARY = "libc++";
				CLANG_ENABLE_MODULES = YES;
				CLANG_ENABLE_OBJC_ARC = YES;
				CLANG_ENABLE_OBJC_WEAK = YES;
				CLANG_WARN_BLOCK_CAPTURE_AUTORELEASING = YES;
				CLANG_WARN_BOOL_CONVERSION = YES;
				CLANG_WARN_COMMA = YES;
				CLANG_WARN_CONSTANT_CONVERSION = YES;
				CLANG_WARN_DEPRECATED_OBJC_IMPLEMENTATIONS = YES;
				CLANG_WARN_DIRECT_OBJC_ISA_USAGE = YES_ERROR;
				CLANG_WARN_DOCUMENTATION_COMMENTS = YES;
				CLANG_WARN_EMPTY_BODY = YES;
				CLANG_WARN_ENUM_CONVERSION = YES;
				CLANG_WARN_INFINITE_RECURSION = YES;
				CLANG_WARN_INT_CONVERSION = YES;
				CLANG_WARN_NON_LITERAL_NULL_CONVERSION = YES;
				CLANG_WARN_OBJC_IMPLICIT_RETAIN_SELF = YES;
				CLANG_WARN_OBJC_LITERAL_CONVERSION = YES;
				CLANG_WARN_OBJC_ROOT_CLASS = YES_ERROR;
				CLANG_WARN_QUOTED_INCLUDE_IN_FRAMEWORK_HEADER = YES;
				CLANG_WARN_RANGE_LOOP_ANALYSIS = YES;
				CLANG_WARN_STRICT_PROTOTYPES = YES;
				CLANG_WARN_SUSPICIOUS_MOVE = YES;
				CLANG_WARN_UNGUARDED_AVAILABILITY = YES_AGGRESSIVE;
				CLANG_WARN_UNREACHABLE_CODE = YES;
				CLANG_WARN__DUPLICATE_METHOD_MATCH = YES;
				COPY_PHASE_STRIP = NO;
				DEBUG_INFORMATION_FORMAT = dwarf;
				ENABLE_STRICT_OBJC_MSGSEND = YES;
				ENABLE_TESTABILITY = YES;
				GCC_C_LANGUAGE_STANDARD = gnu11;
				GCC_DYNAMIC_NO_PIC = NO;
				GCC_NO_COMMON_BLOCKS = YES;
				GCC_OPTIMIZATION_LEVEL = 0;
				GCC_PREPROCESSOR_DEFINITIONS = (
					"DEBUG=1",
					"$(inherited)",
				);
				GCC_WARN_64_TO_32_BIT_CONVERSION = YES;
				GCC_WARN_ABOUT_RETURN_TYPE = YES_ERROR;
				GCC_WARN_UNDECLARED_SELECTOR = YES;
				GCC_WARN_UNINITIALIZED_AUTOS = YES_AGGRESSIVE;
				GCC_WARN_UNUSED_FUNCTION = YES;
				GCC_WARN_UNUSED_VARIABLE = YES;
				MTL_ENABLE_DEBUG_INFO = INCLUDE_SOURCE;
				MTL_FAST_MATH = YES;
				ONLY_ACTIVE_ARCH = YES;
				SWIFT_ACTIVE_COMPILATION_CONDITIONS = DEBUG;
				SWIFT_OPTIMIZATION_LEVEL = "-Onone";
			};
			name = Debug;
		};
		7C7539CA2658FFB200711DE7 /* Release */ = {
			isa = XCBuildConfiguration;
			buildSettings = {
				ALWAYS_SEARCH_USER_PATHS = NO;
				CLANG_ANALYZER_NONNULL = YES;
				CLANG_ANALYZER_NUMBER_OBJECT_CONVERSION = YES_AGGRESSIVE;
				CLANG_CXX_LANGUAGE_STANDARD = "gnu++14";
				CLANG_CXX_LIBRARY = "libc++";
				CLANG_ENABLE_MODULES = YES;
				CLANG_ENABLE_OBJC_ARC = YES;
				CLANG_ENABLE_OBJC_WEAK = YES;
				CLANG_WARN_BLOCK_CAPTURE_AUTORELEASING = YES;
				CLANG_WARN_BOOL_CONVERSION = YES;
				CLANG_WARN_COMMA = YES;
				CLANG_WARN_CONSTANT_CONVERSION = YES;
				CLANG_WARN_DEPRECATED_OBJC_IMPLEMENTATIONS = YES;
				CLANG_WARN_DIRECT_OBJC_ISA_USAGE = YES_ERROR;
				CLANG_WARN_DOCUMENTATION_COMMENTS = YES;
				CLANG_WARN_EMPTY_BODY = YES;
				CLANG_WARN_ENUM_CONVERSION = YES;
				CLANG_WARN_INFINITE_RECURSION = YES;
				CLANG_WARN_INT_CONVERSION = YES;
				CLANG_WARN_NON_LITERAL_NULL_CONVERSION = YES;
				CLANG_WARN_OBJC_IMPLICIT_RETAIN_SELF = YES;
				CLANG_WARN_OBJC_LITERAL_CONVERSION = YES;
				CLANG_WARN_OBJC_ROOT_CLASS = YES_ERROR;
				CLANG_WARN_QUOTED_INCLUDE_IN_FRAMEWORK_HEADER = YES;
				CLANG_WARN_RANGE_LOOP_ANALYSIS = YES;
				CLANG_WARN_STRICT_PROTOTYPES = YES;
				CLANG_WARN_SUSPICIOUS_MOVE = YES;
				CLANG_WARN_UNGUARDED_AVAILABILITY = YES_AGGRESSIVE;
				CLANG_WARN_UNREACHABLE_CODE = YES;
				CLANG_WARN__DUPLICATE_METHOD_MATCH = YES;
				COPY_PHASE_STRIP = NO;
				DEBUG_INFORMATION_FORMAT = "dwarf-with-dsym";
				ENABLE_NS_ASSERTIONS = NO;
				ENABLE_STRICT_OBJC_MSGSEND = YES;
				GCC_C_LANGUAGE_STANDARD = gnu11;
				GCC_NO_COMMON_BLOCKS = YES;
				GCC_WARN_64_TO_32_BIT_CONVERSION = YES;
				GCC_WARN_ABOUT_RETURN_TYPE = YES_ERROR;
				GCC_WARN_UNDECLARED_SELECTOR = YES;
				GCC_WARN_UNINITIALIZED_AUTOS = YES_AGGRESSIVE;
				GCC_WARN_UNUSED_FUNCTION = YES;
				GCC_WARN_UNUSED_VARIABLE = YES;
				MTL_ENABLE_DEBUG_INFO = NO;
				MTL_FAST_MATH = YES;
				SWIFT_COMPILATION_MODE = wholemodule;
				SWIFT_OPTIMIZATION_LEVEL = "-O";
			};
			name = Release;
		};
		7C7539CC2658FFB200711DE7 /* Debug */ = {
			isa = XCBuildConfiguration;
			buildSettings = {
				ASSETCATALOG_COMPILER_APPICON_NAME = AppIcon;
				ASSETCATALOG_COMPILER_GLOBAL_ACCENT_COLOR_NAME = AccentColor;
				CODE_SIGN_STYLE = Automatic;
				DEVELOPMENT_TEAM = HM9WL9QKWM;
				ENABLE_PREVIEWS = YES;
				INFOPLIST_FILE = iOS/Info.plist;
				IPHONEOS_DEPLOYMENT_TARGET = 14.0;
				LD_RUNPATH_SEARCH_PATHS = (
					"$(inherited)",
					"@executable_path/Frameworks",
				);
				PRODUCT_BUNDLE_IDENTIFIER = "art-off.shared-disk";
				PRODUCT_NAME = "shared-disk";
				SDKROOT = iphoneos;
				SWIFT_VERSION = 5.0;
				TARGETED_DEVICE_FAMILY = "1,2";
			};
			name = Debug;
		};
		7C7539CD2658FFB200711DE7 /* Release */ = {
			isa = XCBuildConfiguration;
			buildSettings = {
				ASSETCATALOG_COMPILER_APPICON_NAME = AppIcon;
				ASSETCATALOG_COMPILER_GLOBAL_ACCENT_COLOR_NAME = AccentColor;
				CODE_SIGN_STYLE = Automatic;
				DEVELOPMENT_TEAM = HM9WL9QKWM;
				ENABLE_PREVIEWS = YES;
				INFOPLIST_FILE = iOS/Info.plist;
				IPHONEOS_DEPLOYMENT_TARGET = 14.0;
				LD_RUNPATH_SEARCH_PATHS = (
					"$(inherited)",
					"@executable_path/Frameworks",
				);
				PRODUCT_BUNDLE_IDENTIFIER = "art-off.shared-disk";
				PRODUCT_NAME = "shared-disk";
				SDKROOT = iphoneos;
				SWIFT_VERSION = 5.0;
				TARGETED_DEVICE_FAMILY = "1,2";
				VALIDATE_PRODUCT = YES;
			};
			name = Release;
		};
		7C7539CF2658FFB200711DE7 /* Debug */ = {
			isa = XCBuildConfiguration;
			buildSettings = {
				ASSETCATALOG_COMPILER_APPICON_NAME = AppIcon;
				ASSETCATALOG_COMPILER_GLOBAL_ACCENT_COLOR_NAME = AccentColor;
				CODE_SIGN_ENTITLEMENTS = macOS/macOS.entitlements;
				CODE_SIGN_STYLE = Automatic;
				COMBINE_HIDPI_IMAGES = YES;
				DEVELOPMENT_TEAM = HM9WL9QKWM;
				ENABLE_HARDENED_RUNTIME = YES;
				ENABLE_PREVIEWS = YES;
				INFOPLIST_FILE = macOS/Info.plist;
				LD_RUNPATH_SEARCH_PATHS = (
					"$(inherited)",
					"@executable_path/../Frameworks",
				);
				MACOSX_DEPLOYMENT_TARGET = 11.0;
				PRODUCT_BUNDLE_IDENTIFIER = "art-off.shared-disk";
				PRODUCT_NAME = "shared-disk";
				SDKROOT = macosx;
				SWIFT_VERSION = 5.0;
			};
			name = Debug;
		};
		7C7539D02658FFB200711DE7 /* Release */ = {
			isa = XCBuildConfiguration;
			buildSettings = {
				ASSETCATALOG_COMPILER_APPICON_NAME = AppIcon;
				ASSETCATALOG_COMPILER_GLOBAL_ACCENT_COLOR_NAME = AccentColor;
				CODE_SIGN_ENTITLEMENTS = macOS/macOS.entitlements;
				CODE_SIGN_STYLE = Automatic;
				COMBINE_HIDPI_IMAGES = YES;
				DEVELOPMENT_TEAM = HM9WL9QKWM;
				ENABLE_HARDENED_RUNTIME = YES;
				ENABLE_PREVIEWS = YES;
				INFOPLIST_FILE = macOS/Info.plist;
				LD_RUNPATH_SEARCH_PATHS = (
					"$(inherited)",
					"@executable_path/../Frameworks",
				);
				MACOSX_DEPLOYMENT_TARGET = 11.0;
				PRODUCT_BUNDLE_IDENTIFIER = "art-off.shared-disk";
				PRODUCT_NAME = "shared-disk";
				SDKROOT = macosx;
				SWIFT_VERSION = 5.0;
			};
			name = Release;
		};
/* End XCBuildConfiguration section */

/* Begin XCConfigurationList section */
		7C7539AE2658FFB100711DE7 /* Build configuration list for PBXProject "shared-disk" */ = {
			isa = XCConfigurationList;
			buildConfigurations = (
				7C7539C92658FFB200711DE7 /* Debug */,
				7C7539CA2658FFB200711DE7 /* Release */,
			);
			defaultConfigurationIsVisible = 0;
			defaultConfigurationName = Release;
		};
		7C7539CB2658FFB200711DE7 /* Build configuration list for PBXNativeTarget "shared-disk (iOS)" */ = {
			isa = XCConfigurationList;
			buildConfigurations = (
				7C7539CC2658FFB200711DE7 /* Debug */,
				7C7539CD2658FFB200711DE7 /* Release */,
			);
			defaultConfigurationIsVisible = 0;
			defaultConfigurationName = Release;
		};
		7C7539CE2658FFB200711DE7 /* Build configuration list for PBXNativeTarget "shared-disk (macOS)" */ = {
			isa = XCConfigurationList;
			buildConfigurations = (
				7C7539CF2658FFB200711DE7 /* Debug */,
				7C7539D02658FFB200711DE7 /* Release */,
			);
			defaultConfigurationIsVisible = 0;
			defaultConfigurationName = Release;
		};
/* End XCConfigurationList section */
	};
	rootObject = 7C7539AB2658FFB100711DE7 /* Project object */;
}
